
Microsoft Visual Studio Solution File, Format Version 12.00
# Visual Studio Version 16
VisualStudioVersion = 25.0.1703.3
MinimumVisualStudioVersion = 10.0.40219.1
Project("{FAE04EC0-301F-11D3-BF4B-00C04F79EFBC}") = "VariablesProject1", "VariablesProject1\VariablesProject1.csproj", "{CDFFB68A-D691-4B5E-8167-9F65DC0DA29C}"
EndProject
Global
	GlobalSection(SolutionConfigurationPlatforms) = preSolution
		Debug|Any CPU = Debug|Any CPU
		Release|Any CPU = Release|Any CPU
	EndGlobalSection
	GlobalSection(ProjectConfigurationPlatforms) = postSolution
		{CDFFB68A-D691-4B5E-8167-9F65DC0DA29C}.Debug|Any CPU.ActiveCfg = Debug|Any CPU
		{CDFFB68A-D691-4B5E-8167-9F65DC0DA29C}.Debug|Any CPU.Build.0 = Debug|Any CPU
		{CDFFB68A-D691-4B5E-8167-9F65DC0DA29C}.Release|Any CPU.ActiveCfg = Release|Any CPU
		{CDFFB68A-D691-4B5E-8167-9F65DC0DA29C}.Release|Any CPU.Build.0 = Release|Any CPU
	EndGlobalSection
	GlobalSection(SolutionProperties) = preSolution
		HideSolutionNode = FALSE
	EndGlobalSection
	GlobalSection(ExtensibilityGlobals) = postSolution
		SolutionGuid = {862B9EFF-3F71-4121-B696-D59ED4FB53B6}
	EndGlobalSection
EndGlobal
